
Microsoft Visual Studio Solution File, Format Version 12.00
# Visual Studio Version 16
VisualStudioVersion = 16.0.31729.503
MinimumVisualStudioVersion = 10.0.40219.1
Project("{FAE04EC0-301F-11D3-BF4B-00C04F79EFBC}") = "CShap_Study0205-5", "CShap_Study0205-5\CShap_Study0205-5.csproj", "{B7194966-0D5D-4612-B54F-88972A5ABC4D}"
EndProject
Global
	GlobalSection(SolutionConfigurationPlatforms) = preSolution
		Debug|Any CPU = Debug|Any CPU
		Release|Any CPU = Release|Any CPU
	EndGlobalSection
	GlobalSection(ProjectConfigurationPlatforms) = postSolution
		{B7194966-0D5D-4612-B54F-88972A5ABC4D}.Debug|Any CPU.ActiveCfg = Debug|Any CPU
		{B7194966-0D5D-4612-B54F-88972A5ABC4D}.Debug|Any CPU.Build.0 = Debug|Any CPU
		{B7194966-0D5D-4612-B54F-88972A5ABC4D}.Release|Any CPU.ActiveCfg = Release|Any CPU
		{B7194966-0D5D-4612-B54F-88972A5ABC4D}.Release|Any CPU.Build.0 = Release|Any CPU
	EndGlobalSection
	GlobalSection(SolutionProperties) = preSolution
		HideSolutionNode = FALSE
	EndGlobalSection
	GlobalSection(ExtensibilityGlobals) = postSolution
		SolutionGuid = {64C4C194-889C-444C-9987-29515B281684}
	EndGlobalSection
EndGlobal
