
Microsoft Visual Studio Solution File, Format Version 12.00
# Visual Studio Version 16
VisualStudioVersion = 16.0.31729.503
MinimumVisualStudioVersion = 10.0.40219.1
Project("{FAE04EC0-301F-11D3-BF4B-00C04F79EFBC}") = "CShap_Study0205-2", "ConsoleApp1\CShap_Study0205-2.csproj", "{032607B2-BAD1-4B8A-8664-E735DFF916E4}"
EndProject
Global
	GlobalSection(SolutionConfigurationPlatforms) = preSolution
		Debug|Any CPU = Debug|Any CPU
		Release|Any CPU = Release|Any CPU
	EndGlobalSection
	GlobalSection(ProjectConfigurationPlatforms) = postSolution
		{032607B2-BAD1-4B8A-8664-E735DFF916E4}.Debug|Any CPU.ActiveCfg = Debug|Any CPU
		{032607B2-BAD1-4B8A-8664-E735DFF916E4}.Debug|Any CPU.Build.0 = Debug|Any CPU
		{032607B2-BAD1-4B8A-8664-E735DFF916E4}.Release|Any CPU.ActiveCfg = Release|Any CPU
		{032607B2-BAD1-4B8A-8664-E735DFF916E4}.Release|Any CPU.Build.0 = Release|Any CPU
	EndGlobalSection
	GlobalSection(SolutionProperties) = preSolution
		HideSolutionNode = FALSE
	EndGlobalSection
	GlobalSection(ExtensibilityGlobals) = postSolution
		SolutionGuid = {F0450C6A-F84A-4403-BABC-132C0AA8B2F0}
	EndGlobalSection
EndGlobal
