
Microsoft Visual Studio Solution File, Format Version 12.00
# Visual Studio Version 16
VisualStudioVersion = 16.0.31729.503
MinimumVisualStudioVersion = 10.0.40219.1
Project("{FAE04EC0-301F-11D3-BF4B-00C04F79EFBC}") = "CShap_Study0205-3", "CShap_Study0205-3\CShap_Study0205-3.csproj", "{B25DADC5-CA1C-4542-9089-B90E322309AF}"
EndProject
Global
	GlobalSection(SolutionConfigurationPlatforms) = preSolution
		Debug|Any CPU = Debug|Any CPU
		Release|Any CPU = Release|Any CPU
	EndGlobalSection
	GlobalSection(ProjectConfigurationPlatforms) = postSolution
		{B25DADC5-CA1C-4542-9089-B90E322309AF}.Debug|Any CPU.ActiveCfg = Debug|Any CPU
		{B25DADC5-CA1C-4542-9089-B90E322309AF}.Debug|Any CPU.Build.0 = Debug|Any CPU
		{B25DADC5-CA1C-4542-9089-B90E322309AF}.Release|Any CPU.ActiveCfg = Release|Any CPU
		{B25DADC5-CA1C-4542-9089-B90E322309AF}.Release|Any CPU.Build.0 = Release|Any CPU
	EndGlobalSection
	GlobalSection(SolutionProperties) = preSolution
		HideSolutionNode = FALSE
	EndGlobalSection
	GlobalSection(ExtensibilityGlobals) = postSolution
		SolutionGuid = {4D3E500B-3758-4AEA-9D61-6B13BD4F681A}
	EndGlobalSection
EndGlobal
